// !$*UTF8*$!
{
	archiveVersion = 1;
	classes = {
	};
	objectVersion = 77;
	objects = {

/* Begin PBXBuildFile section */
		15F026E3FF655A3C681E8805 /* NYCTransitApp.swift in Sources */ = {isa = PBXBuildFile; fileRef = A818AF17B2DEC707A9B931AB /* NYCTransitApp.swift */; };
		1F32BA45837A0B4EAC59107A /* TrainPickerView.swift in Sources */ = {isa = PBXBuildFile; fileRef = 393BF3320E3ECB1AE7452068 /* TrainPickerView.swift */; };
		33EA50D4DEA494AFD9CDE5A3 /* SmallWidgetView.swift in Sources */ = {isa = PBXBuildFile; fileRef = 01AA81C8B6FBF48904F4B231 /* SmallWidgetView.swift */; };
		435C92AF1ED7705F0496C05F /* WidgetBackground.swift in Sources */ = {isa = PBXBuildFile; fileRef = 71EAAFB719F3C86B9ACC8238 /* WidgetBackground.swift */; };
		465051063BE57E8581FC56AF /* ContentView.swift in Sources */ = {isa = PBXBuildFile; fileRef = 62C30FB3CDC1EDA7326715C6 /* ContentView.swift */; };
		4BC6D020E96E09A06BD6D560 /* Constants.swift in Sources */ = {isa = PBXBuildFile; fileRef = 2B88CFB07B9A909B888DC8CC /* Constants.swift */; };
		4EAA783CE8A1F8A7533A91B5 /* SharedDefaults.swift in Sources */ = {isa = PBXBuildFile; fileRef = C668B6CB54B8F3989955F365 /* SharedDefaults.swift */; };
		55D659531BA4D2D48957DF50 /* OnboardingSheet.swift in Sources */ = {isa = PBXBuildFile; fileRef = 98F1C6C6889440EE668698A0 /* OnboardingSheet.swift */; };
		58326B47FB60B3D0A376039A /* TransitService.swift in Sources */ = {isa = PBXBuildFile; fileRef = 08C23EB28F5DFDAA8923D5C9 /* TransitService.swift */; };
		794137AA68CB2BAB9463472F /* TimelineProvider.swift in Sources */ = {isa = PBXBuildFile; fileRef = 3932C24BA5F8B80DADEE84E0 /* TimelineProvider.swift */; };
		7C8232BA2681EBC02699B9DE /* Constants.swift in Sources */ = {isa = PBXBuildFile; fileRef = 2B88CFB07B9A909B888DC8CC /* Constants.swift */; };
		80F901863C43FE0B8966A434 /* WidgetPreviewView.swift in Sources */ = {isa = PBXBuildFile; fileRef = 9889DAF66174CDFB7E598DDC /* WidgetPreviewView.swift */; };
		838248831D2F2B9DBFBB6A5B /* WidgetConfiguration.swift in Sources */ = {isa = PBXBuildFile; fileRef = 61C48629F901F91921E8CFDF /* WidgetConfiguration.swift */; };
		9C2AE6619D7C5E5C2FE8A369 /* LineColors.swift in Sources */ = {isa = PBXBuildFile; fileRef = 5BFA379777D006DC901DD1A0 /* LineColors.swift */; };
		9F21B305009669B028CBC6DF /* SharedDefaults.swift in Sources */ = {isa = PBXBuildFile; fileRef = C668B6CB54B8F3989955F365 /* SharedDefaults.swift */; };
		A03161352707976CB80930CA /* TrainCircleView.swift in Sources */ = {isa = PBXBuildFile; fileRef = CB3C449337B30085AE3407F4 /* TrainCircleView.swift */; };
		A28BB034277C6343F9971846 /* RefreshIntent.swift in Sources */ = {isa = PBXBuildFile; fileRef = 4DDB6FAA6156ABCB14C9E982 /* RefreshIntent.swift */; };
		A2EABF1DFF0616A28CDB69C4 /* StatusWidgetExtension.appex in Embed Foundation Extensions */ = {isa = PBXBuildFile; fileRef = 553B61071962251E16E5B27E /* StatusWidgetExtension.appex */; settings = {ATTRIBUTES = (RemoveHeadersOnCopy, ); }; };
		A50518E63F7EDFE605A4043E /* MediumWidgetView.swift in Sources */ = {isa = PBXBuildFile; fileRef = 051C7593DEACDA002FD23E71 /* MediumWidgetView.swift */; };
		AF4CA5EEE12AFB4E20FD68C3 /* TransitService.swift in Sources */ = {isa = PBXBuildFile; fileRef = 08C23EB28F5DFDAA8923D5C9 /* TransitService.swift */; };
		B0E8079B31DFC3BB5A5EABE5 /* TrainLine.swift in Sources */ = {isa = PBXBuildFile; fileRef = 8D29CAA26F98FEB833F6C3E3 /* TrainLine.swift */; };
		BCF1118DC0413D460C1AFC33 /* ThemePickerView.swift in Sources */ = {isa = PBXBuildFile; fileRef = 7CDD01AEEB4052E957DDC5B7 /* ThemePickerView.swift */; };
		BD376AF66225369A1028A260 /* ToggleStatusIntent.swift in Sources */ = {isa = PBXBuildFile; fileRef = 5B02E29793EBA7B944977478 /* ToggleStatusIntent.swift */; };
		C10603EFCA5384A7EAFE842E /* ProcessedTrain.swift in Sources */ = {isa = PBXBuildFile; fileRef = 5CF4A92DC3834D3E734BF6BE /* ProcessedTrain.swift */; };
		C286FDF63F95949289385DBD /* WidgetConfiguration.swift in Sources */ = {isa = PBXBuildFile; fileRef = 61C48629F901F91921E8CFDF /* WidgetConfiguration.swift */; };
		C4F86EE85924A74732EC01C5 /* LineColors.swift in Sources */ = {isa = PBXBuildFile; fileRef = 5BFA379777D006DC901DD1A0 /* LineColors.swift */; };
		C6B6B6BB6919B99BBFCD0632 /* TrainCircleView.swift in Sources */ = {isa = PBXBuildFile; fileRef = CB3C449337B30085AE3407F4 /* TrainCircleView.swift */; };
		CA382363E36B116073624AC1 /* Assets.xcassets in Resources */ = {isa = PBXBuildFile; fileRef = EBF38A7E0054C199E773309E /* Assets.xcassets */; };
		D6E053618B8F1B39914EE047 /* TrainLine.swift in Sources */ = {isa = PBXBuildFile; fileRef = 8D29CAA26F98FEB833F6C3E3 /* TrainLine.swift */; };
		DA0F42FFA325FECDF61D51C6 /* StatusWidget.swift in Sources */ = {isa = PBXBuildFile; fileRef = 08BEA836132C078FABFDDA3E /* StatusWidget.swift */; };
		F106273B6DD8DD899553DD95 /* ProcessedTrain.swift in Sources */ = {isa = PBXBuildFile; fileRef = 5CF4A92DC3834D3E734BF6BE /* ProcessedTrain.swift */; };
		F857B613B858A4CC73A70349 /* Assets.xcassets in Resources */ = {isa = PBXBuildFile; fileRef = EBF38A7E0054C199E773309E /* Assets.xcassets */; };
		FBA42E5B05D874A68CBB9D31 /* StatusWidgetBundle.swift in Sources */ = {isa = PBXBuildFile; fileRef = 80A65D5668876205C5B105BD /* StatusWidgetBundle.swift */; };
/* End PBXBuildFile section */

/* Begin PBXContainerItemProxy section */
		EA4377039E67FB7007A91511 /* PBXContainerItemProxy */ = {
			isa = PBXContainerItemProxy;
			containerPortal = B973FB91F9571F5704D2B32E /* Project object */;
			proxyType = 1;
			remoteGlobalIDString = E3DDC6E29A471FE698653AFC;
			remoteInfo = StatusWidgetExtension;
		};
/* End PBXContainerItemProxy section */

/* Begin PBXCopyFilesBuildPhase section */
		EE6A94FB16C0BCD5C97880F8 /* Embed Foundation Extensions */ = {
			isa = PBXCopyFilesBuildPhase;
			buildActionMask = 2147483647;
			dstPath = "";
			dstSubfolderSpec = 13;
			files = (
				A2EABF1DFF0616A28CDB69C4 /* StatusWidgetExtension.appex in Embed Foundation Extensions */,
			);
			name = "Embed Foundation Extensions";
			runOnlyForDeploymentPostprocessing = 0;
		};
/* End PBXCopyFilesBuildPhase section */

/* Begin PBXFileReference section */
		01AA81C8B6FBF48904F4B231 /* SmallWidgetView.swift */ = {isa = PBXFileReference; lastKnownFileType = sourcecode.swift; path = SmallWidgetView.swift; sourceTree = "<group>"; };
		051C7593DEACDA002FD23E71 /* MediumWidgetView.swift */ = {isa = PBXFileReference; lastKnownFileType = sourcecode.swift; path = MediumWidgetView.swift; sourceTree = "<group>"; };
		08BEA836132C078FABFDDA3E /* StatusWidget.swift */ = {isa = PBXFileReference; lastKnownFileType = sourcecode.swift; path = StatusWidget.swift; sourceTree = "<group>"; };
		08C23EB28F5DFDAA8923D5C9 /* TransitService.swift */ = {isa = PBXFileReference; lastKnownFileType = sourcecode.swift; path = TransitService.swift; sourceTree = "<group>"; };
		0935AACAA913D2E9AFA81FD8 /* Info.plist */ = {isa = PBXFileReference; lastKnownFileType = text.plist; path = Info.plist; sourceTree = "<group>"; };
		2B88CFB07B9A909B888DC8CC /* Constants.swift */ = {isa = PBXFileReference; lastKnownFileType = sourcecode.swift; path = Constants.swift; sourceTree = "<group>"; };
		3932C24BA5F8B80DADEE84E0 /* TimelineProvider.swift */ = {isa = PBXFileReference; lastKnownFileType = sourcecode.swift; path = TimelineProvider.swift; sourceTree = "<group>"; };
		393BF3320E3ECB1AE7452068 /* TrainPickerView.swift */ = {isa = PBXFileReference; lastKnownFileType = sourcecode.swift; path = TrainPickerView.swift; sourceTree = "<group>"; };
		4DDB6FAA6156ABCB14C9E982 /* RefreshIntent.swift */ = {isa = PBXFileReference; lastKnownFileType = sourcecode.swift; path = RefreshIntent.swift; sourceTree = "<group>"; };
		553B61071962251E16E5B27E /* StatusWidgetExtension.appex */ = {isa = PBXFileReference; includeInIndex = 0; lastKnownFileType = "wrapper.app-extension"; path = StatusWidgetExtension.appex; sourceTree = BUILT_PRODUCTS_DIR; };
		5B02E29793EBA7B944977478 /* ToggleStatusIntent.swift */ = {isa = PBXFileReference; lastKnownFileType = sourcecode.swift; path = ToggleStatusIntent.swift; sourceTree = "<group>"; };
		5BFA379777D006DC901DD1A0 /* LineColors.swift */ = {isa = PBXFileReference; lastKnownFileType = sourcecode.swift; path = LineColors.swift; sourceTree = "<group>"; };
		5CF4A92DC3834D3E734BF6BE /* ProcessedTrain.swift */ = {isa = PBXFileReference; lastKnownFileType = sourcecode.swift; path = ProcessedTrain.swift; sourceTree = "<group>"; };
		61C48629F901F91921E8CFDF /* WidgetConfiguration.swift */ = {isa = PBXFileReference; lastKnownFileType = sourcecode.swift; path = WidgetConfiguration.swift; sourceTree = "<group>"; };
		62C30FB3CDC1EDA7326715C6 /* ContentView.swift */ = {isa = PBXFileReference; lastKnownFileType = sourcecode.swift; path = ContentView.swift; sourceTree = "<group>"; };
		71EAAFB719F3C86B9ACC8238 /* WidgetBackground.swift */ = {isa = PBXFileReference; lastKnownFileType = sourcecode.swift; path = WidgetBackground.swift; sourceTree = "<group>"; };
		7CDD01AEEB4052E957DDC5B7 /* ThemePickerView.swift */ = {isa = PBXFileReference; lastKnownFileType = sourcecode.swift; path = ThemePickerView.swift; sourceTree = "<group>"; };
		80A65D5668876205C5B105BD /* StatusWidgetBundle.swift */ = {isa = PBXFileReference; lastKnownFileType = sourcecode.swift; path = StatusWidgetBundle.swift; sourceTree = "<group>"; };
		8D29CAA26F98FEB833F6C3E3 /* TrainLine.swift */ = {isa = PBXFileReference; lastKnownFileType = sourcecode.swift; path = TrainLine.swift; sourceTree = "<group>"; };
		9889DAF66174CDFB7E598DDC /* WidgetPreviewView.swift */ = {isa = PBXFileReference; lastKnownFileType = sourcecode.swift; path = WidgetPreviewView.swift; sourceTree = "<group>"; };
		98F1C6C6889440EE668698A0 /* OnboardingSheet.swift */ = {isa = PBXFileReference; lastKnownFileType = sourcecode.swift; path = OnboardingSheet.swift; sourceTree = "<group>"; };
		99936F711A1CF217BCE263DD /* StatusWidget.entitlements */ = {isa = PBXFileReference; lastKnownFileType = text.plist.entitlements; path = StatusWidget.entitlements; sourceTree = "<group>"; };
		A818AF17B2DEC707A9B931AB /* NYCTransitApp.swift */ = {isa = PBXFileReference; lastKnownFileType = sourcecode.swift; path = NYCTransitApp.swift; sourceTree = "<group>"; };
		B5C12F8AF8415CD621EFA20B /* Info.plist */ = {isa = PBXFileReference; lastKnownFileType = text.plist; path = Info.plist; sourceTree = "<group>"; };
		C668B6CB54B8F3989955F365 /* SharedDefaults.swift */ = {isa = PBXFileReference; lastKnownFileType = sourcecode.swift; path = SharedDefaults.swift; sourceTree = "<group>"; };
		CB3C449337B30085AE3407F4 /* TrainCircleView.swift */ = {isa = PBXFileReference; lastKnownFileType = sourcecode.swift; path = TrainCircleView.swift; sourceTree = "<group>"; };
		CEF28818AE0D284A59CDADE2 /* NYCTransit.entitlements */ = {isa = PBXFileReference; lastKnownFileType = text.plist.entitlements; path = NYCTransit.entitlements; sourceTree = "<group>"; };
		EBF38A7E0054C199E773309E /* Assets.xcassets */ = {isa = PBXFileReference; lastKnownFileType = folder.assetcatalog; path = Assets.xcassets; sourceTree = "<group>"; };
		F92CF0BA9EDF7BE92651D259 /* NYCTransit.app */ = {isa = PBXFileReference; includeInIndex = 0; lastKnownFileType = wrapper.application; path = NYCTransit.app; sourceTree = BUILT_PRODUCTS_DIR; };
/* End PBXFileReference section */

/* Begin PBXGroup section */
		256325B66C190B9A1F849A2C /* Services */ = {
			isa = PBXGroup;
			children = (
				08C23EB28F5DFDAA8923D5C9 /* TransitService.swift */,
			);
			path = Services;
			sourceTree = "<group>";
		};
		39EA764297CB74D2E2FA2B52 /* Models */ = {
			isa = PBXGroup;
			children = (
				5CF4A92DC3834D3E734BF6BE /* ProcessedTrain.swift */,
				8D29CAA26F98FEB833F6C3E3 /* TrainLine.swift */,
				61C48629F901F91921E8CFDF /* WidgetConfiguration.swift */,
			);
			path = Models;
			sourceTree = "<group>";
		};
		3E68D1AD275D69E6E78174EA /* Views */ = {
			isa = PBXGroup;
			children = (
				62C30FB3CDC1EDA7326715C6 /* ContentView.swift */,
				98F1C6C6889440EE668698A0 /* OnboardingSheet.swift */,
				7CDD01AEEB4052E957DDC5B7 /* ThemePickerView.swift */,
				393BF3320E3ECB1AE7452068 /* TrainPickerView.swift */,
				9889DAF66174CDFB7E598DDC /* WidgetPreviewView.swift */,
			);
			path = Views;
			sourceTree = "<group>";
		};
		552DE5AE29E69767C959F2AC /* NYCTransit */ = {
			isa = PBXGroup;
			children = (
				EBF38A7E0054C199E773309E /* Assets.xcassets */,
				0935AACAA913D2E9AFA81FD8 /* Info.plist */,
				CEF28818AE0D284A59CDADE2 /* NYCTransit.entitlements */,
				A818AF17B2DEC707A9B931AB /* NYCTransitApp.swift */,
				3E68D1AD275D69E6E78174EA /* Views */,
			);
			path = NYCTransit;
			sourceTree = "<group>";
		};
		5BE673C057850EBF82A6768D /* Shared */ = {
			isa = PBXGroup;
			children = (
				2B88CFB07B9A909B888DC8CC /* Constants.swift */,
				5BFA379777D006DC901DD1A0 /* LineColors.swift */,
				C668B6CB54B8F3989955F365 /* SharedDefaults.swift */,
				CB3C449337B30085AE3407F4 /* TrainCircleView.swift */,
				39EA764297CB74D2E2FA2B52 /* Models */,
				256325B66C190B9A1F849A2C /* Services */,
			);
			path = Shared;
			sourceTree = "<group>";
		};
		AF0257B19010567ACA390496 = {
			isa = PBXGroup;
			children = (
				552DE5AE29E69767C959F2AC /* NYCTransit */,
				5BE673C057850EBF82A6768D /* Shared */,
				E0925ECFB3801D53AA202DFB /* StatusWidget */,
				B32281D71FDF7311B085B45D /* Products */,
			);
			sourceTree = "<group>";
		};
		B32281D71FDF7311B085B45D /* Products */ = {
			isa = PBXGroup;
			children = (
				F92CF0BA9EDF7BE92651D259 /* NYCTransit.app */,
				553B61071962251E16E5B27E /* StatusWidgetExtension.appex */,
			);
			name = Products;
			sourceTree = "<group>";
		};
		E0925ECFB3801D53AA202DFB /* StatusWidget */ = {
			isa = PBXGroup;
			children = (
				B5C12F8AF8415CD621EFA20B /* Info.plist */,
				051C7593DEACDA002FD23E71 /* MediumWidgetView.swift */,
				4DDB6FAA6156ABCB14C9E982 /* RefreshIntent.swift */,
				01AA81C8B6FBF48904F4B231 /* SmallWidgetView.swift */,
				99936F711A1CF217BCE263DD /* StatusWidget.entitlements */,
				08BEA836132C078FABFDDA3E /* StatusWidget.swift */,
				80A65D5668876205C5B105BD /* StatusWidgetBundle.swift */,
				3932C24BA5F8B80DADEE84E0 /* TimelineProvider.swift */,
				5B02E29793EBA7B944977478 /* ToggleStatusIntent.swift */,
				71EAAFB719F3C86B9ACC8238 /* WidgetBackground.swift */,
			);
			path = StatusWidget;
			sourceTree = "<group>";
		};
/* End PBXGroup section */

/* Begin PBXNativeTarget section */
		487DC4D7B1D0396FA879DCB2 /* NYCTransit */ = {
			isa = PBXNativeTarget;
			buildConfigurationList = D185C7FAA4D4651DD6502996 /* Build configuration list for PBXNativeTarget "NYCTransit" */;
			buildPhases = (
				B4E824A96CD3C27841CCE5FD /* Sources */,
				C06D93CA2E078BE3D4862030 /* Resources */,
				EE6A94FB16C0BCD5C97880F8 /* Embed Foundation Extensions */,
			);
			buildRules = (
			);
			dependencies = (
				DBF1A4F2BD14F4432FB25A7C /* PBXTargetDependency */,
			);
			name = NYCTransit;
			packageProductDependencies = (
			);
			productName = NYCTransit;
			productReference = F92CF0BA9EDF7BE92651D259 /* NYCTransit.app */;
			productType = "com.apple.product-type.application";
		};
		E3DDC6E29A471FE698653AFC /* StatusWidgetExtension */ = {
			isa = PBXNativeTarget;
			buildConfigurationList = CAE26DF4851C93A018D9056A /* Build configuration list for PBXNativeTarget "StatusWidgetExtension" */;
			buildPhases = (
				37B9E4C70976788D16B41995 /* Sources */,
				DF51F6F03F0397B7A18190BC /* Resources */,
			);
			buildRules = (
			);
			dependencies = (
			);
			name = StatusWidgetExtension;
			packageProductDependencies = (
			);
			productName = StatusWidgetExtension;
			productReference = 553B61071962251E16E5B27E /* StatusWidgetExtension.appex */;
			productType = "com.apple.product-type.app-extension";
		};
/* End PBXNativeTarget section */

/* Begin PBXProject section */
		B973FB91F9571F5704D2B32E /* Project object */ = {
			isa = PBXProject;
			attributes = {
				BuildIndependentTargetsInParallel = YES;
				LastUpgradeCheck = 1500;
				TargetAttributes = {
					487DC4D7B1D0396FA879DCB2 = {
						DevelopmentTeam = "";
					};
					E3DDC6E29A471FE698653AFC = {
						DevelopmentTeam = "";
					};
				};
			};
			buildConfigurationList = 6D33B204406D82F646BFA914 /* Build configuration list for PBXProject "NYCTransit" */;
			developmentRegion = en;
			hasScannedForEncodings = 0;
			knownRegions = (
				Base,
				en,
			);
			mainGroup = AF0257B19010567ACA390496;
			minimizedProjectReferenceProxies = 1;
			preferredProjectObjectVersion = 77;
			productRefGroup = B32281D71FDF7311B085B45D /* Products */;
			projectDirPath = "";
			projectRoot = "";
			targets = (
				487DC4D7B1D0396FA879DCB2 /* NYCTransit */,
				E3DDC6E29A471FE698653AFC /* StatusWidgetExtension */,
			);
		};
/* End PBXProject section */

/* Begin PBXResourcesBuildPhase section */
		C06D93CA2E078BE3D4862030 /* Resources */ = {
			isa = PBXResourcesBuildPhase;
			buildActionMask = 2147483647;
			files = (
				CA382363E36B116073624AC1 /* Assets.xcassets in Resources */,
			);
			runOnlyForDeploymentPostprocessing = 0;
		};
		DF51F6F03F0397B7A18190BC /* Resources */ = {
			isa = PBXResourcesBuildPhase;
			buildActionMask = 2147483647;
			files = (
				F857B613B858A4CC73A70349 /* Assets.xcassets in Resources */,
			);
			runOnlyForDeploymentPostprocessing = 0;
		};
/* End PBXResourcesBuildPhase section */

/* Begin PBXSourcesBuildPhase section */
		37B9E4C70976788D16B41995 /* Sources */ = {
			isa = PBXSourcesBuildPhase;
			buildActionMask = 2147483647;
			files = (
				7C8232BA2681EBC02699B9DE /* Constants.swift in Sources */,
				C4F86EE85924A74732EC01C5 /* LineColors.swift in Sources */,
				A50518E63F7EDFE605A4043E /* MediumWidgetView.swift in Sources */,
				C10603EFCA5384A7EAFE842E /* ProcessedTrain.swift in Sources */,
				A28BB034277C6343F9971846 /* RefreshIntent.swift in Sources */,
				4EAA783CE8A1F8A7533A91B5 /* SharedDefaults.swift in Sources */,
				33EA50D4DEA494AFD9CDE5A3 /* SmallWidgetView.swift in Sources */,
				DA0F42FFA325FECDF61D51C6 /* StatusWidget.swift in Sources */,
				FBA42E5B05D874A68CBB9D31 /* StatusWidgetBundle.swift in Sources */,
				794137AA68CB2BAB9463472F /* TimelineProvider.swift in Sources */,
				BD376AF66225369A1028A260 /* ToggleStatusIntent.swift in Sources */,
				A03161352707976CB80930CA /* TrainCircleView.swift in Sources */,
				D6E053618B8F1B39914EE047 /* TrainLine.swift in Sources */,
				58326B47FB60B3D0A376039A /* TransitService.swift in Sources */,
				435C92AF1ED7705F0496C05F /* WidgetBackground.swift in Sources */,
				838248831D2F2B9DBFBB6A5B /* WidgetConfiguration.swift in Sources */,
			);
			runOnlyForDeploymentPostprocessing = 0;
		};
		B4E824A96CD3C27841CCE5FD /* Sources */ = {
			isa = PBXSourcesBuildPhase;
			buildActionMask = 2147483647;
			files = (
				4BC6D020E96E09A06BD6D560 /* Constants.swift in Sources */,
				465051063BE57E8581FC56AF /* ContentView.swift in Sources */,
				9C2AE6619D7C5E5C2FE8A369 /* LineColors.swift in Sources */,
				15F026E3FF655A3C681E8805 /* NYCTransitApp.swift in Sources */,
				55D659531BA4D2D48957DF50 /* OnboardingSheet.swift in Sources */,
				F106273B6DD8DD899553DD95 /* ProcessedTrain.swift in Sources */,
				9F21B305009669B028CBC6DF /* SharedDefaults.swift in Sources */,
				BCF1118DC0413D460C1AFC33 /* ThemePickerView.swift in Sources */,
				C6B6B6BB6919B99BBFCD0632 /* TrainCircleView.swift in Sources */,
				B0E8079B31DFC3BB5A5EABE5 /* TrainLine.swift in Sources */,
				1F32BA45837A0B4EAC59107A /* TrainPickerView.swift in Sources */,
				AF4CA5EEE12AFB4E20FD68C3 /* TransitService.swift in Sources */,
				C286FDF63F95949289385DBD /* WidgetConfiguration.swift in Sources */,
				80F901863C43FE0B8966A434 /* WidgetPreviewView.swift in Sources */,
			);
			runOnlyForDeploymentPostprocessing = 0;
		};
/* End PBXSourcesBuildPhase section */

/* Begin PBXTargetDependency section */
		DBF1A4F2BD14F4432FB25A7C /* PBXTargetDependency */ = {
			isa = PBXTargetDependency;
			target = E3DDC6E29A471FE698653AFC /* StatusWidgetExtension */;
			targetProxy = EA4377039E67FB7007A91511 /* PBXContainerItemProxy */;
		};
/* End PBXTargetDependency section */

/* Begin XCBuildConfiguration section */
		0777057F69444C95CB8631B9 /* Debug */ = {
			isa = XCBuildConfiguration;
			buildSettings = {
				ASSETCATALOG_COMPILER_APPICON_NAME = AppIcon;
				CODE_SIGN_ENTITLEMENTS = NYCTransit/NYCTransit.entitlements;
				CODE_SIGN_IDENTITY = "iPhone Developer";
				INFOPLIST_FILE = NYCTransit/Info.plist;
				LD_RUNPATH_SEARCH_PATHS = (
					"$(inherited)",
					"@executable_path/Frameworks",
				);
				PRODUCT_BUNDLE_IDENTIFIER = com.johnrbell.NYCTransit;
				SDKROOT = iphoneos;
				TARGETED_DEVICE_FAMILY = "1,2";
			};
			name = Debug;
		};
		3A4C00F3125B3F4B26F013DA /* Debug */ = {
			isa = XCBuildConfiguration;
			buildSettings = {
				ALWAYS_SEARCH_USER_PATHS = NO;
				CLANG_ANALYZER_NONNULL = YES;
				CLANG_ANALYZER_NUMBER_OBJECT_CONVERSION = YES_AGGRESSIVE;
				CLANG_CXX_LANGUAGE_STANDARD = "gnu++14";
				CLANG_CXX_LIBRARY = "libc++";
				CLANG_ENABLE_MODULES = YES;
				CLANG_ENABLE_OBJC_ARC = YES;
				CLANG_ENABLE_OBJC_WEAK = YES;
				CLANG_WARN_BLOCK_CAPTURE_AUTORELEASING = YES;
				CLANG_WARN_BOOL_CONVERSION = YES;
				CLANG_WARN_COMMA = YES;
				CLANG_WARN_CONSTANT_CONVERSION = YES;
				CLANG_WARN_DEPRECATED_OBJC_IMPLEMENTATIONS = YES;
				CLANG_WARN_DIRECT_OBJC_ISA_USAGE = YES_ERROR;
				CLANG_WARN_DOCUMENTATION_COMMENTS = YES;
				CLANG_WARN_EMPTY_BODY = YES;
				CLANG_WARN_ENUM_CONVERSION = YES;
				CLANG_WARN_INFINITE_RECURSION = YES;
				CLANG_WARN_INT_CONVERSION = YES;
				CLANG_WARN_NON_LITERAL_NULL_CONVERSION = YES;
				CLANG_WARN_OBJC_IMPLICIT_RETAIN_SELF = YES;
				CLANG_WARN_OBJC_LITERAL_CONVERSION = YES;
				CLANG_WARN_OBJC_ROOT_CLASS = YES_ERROR;
				CLANG_WARN_QUOTED_INCLUDE_IN_FRAMEWORK_HEADER = YES;
				CLANG_WARN_RANGE_LOOP_ANALYSIS = YES;
				CLANG_WARN_STRICT_PROTOTYPES = YES;
				CLANG_WARN_SUSPICIOUS_MOVE = YES;
				CLANG_WARN_UNGUARDED_AVAILABILITY = YES_AGGRESSIVE;
				CLANG_WARN_UNREACHABLE_CODE = YES;
				CLANG_WARN__DUPLICATE_METHOD_MATCH = YES;
				COPY_PHASE_STRIP = NO;
				DEBUG_INFORMATION_FORMAT = dwarf;
				DEVELOPMENT_TEAM = "";
				ENABLE_STRICT_OBJC_MSGSEND = YES;
				ENABLE_TESTABILITY = YES;
				GCC_C_LANGUAGE_STANDARD = gnu11;
				GCC_DYNAMIC_NO_PIC = NO;
				GCC_NO_COMMON_BLOCKS = YES;
				GCC_OPTIMIZATION_LEVEL = 0;
				GCC_PREPROCESSOR_DEFINITIONS = (
					"$(inherited)",
					"DEBUG=1",
				);
				GCC_WARN_64_TO_32_BIT_CONVERSION = YES;
				GCC_WARN_ABOUT_RETURN_TYPE = YES_ERROR;
				GCC_WARN_UNDECLARED_SELECTOR = YES;
				GCC_WARN_UNINITIALIZED_AUTOS = YES_AGGRESSIVE;
				GCC_WARN_UNUSED_FUNCTION = YES;
				GCC_WARN_UNUSED_VARIABLE = YES;
				IPHONEOS_DEPLOYMENT_TARGET = 17.0;
				MTL_ENABLE_DEBUG_INFO = INCLUDE_SOURCE;
				MTL_FAST_MATH = YES;
				ONLY_ACTIVE_ARCH = YES;
				PRODUCT_NAME = "$(TARGET_NAME)";
				SDKROOT = iphoneos;
				SWIFT_ACTIVE_COMPILATION_CONDITIONS = DEBUG;
				SWIFT_OPTIMIZATION_LEVEL = "-Onone";
				SWIFT_VERSION = 5.9;
			};
			name = Debug;
		};
		80F9C47ADB4E55F893448C9E /* Debug */ = {
			isa = XCBuildConfiguration;
			buildSettings = {
				ASSETCATALOG_COMPILER_APPICON_NAME = AppIcon;
				CODE_SIGN_ENTITLEMENTS = StatusWidget/StatusWidget.entitlements;
				INFOPLIST_FILE = StatusWidget/Info.plist;
				LD_RUNPATH_SEARCH_PATHS = (
					"$(inherited)",
					"@executable_path/Frameworks",
					"@executable_path/../../Frameworks",
				);
				PRODUCT_BUNDLE_IDENTIFIER = com.johnrbell.NYCTransit.StatusWidget;
				SDKROOT = iphoneos;
				TARGETED_DEVICE_FAMILY = "1,2";
			};
			name = Debug;
		};
		939B352D4C7F381C90C7DAE8 /* Release */ = {
			isa = XCBuildConfiguration;
			buildSettings = {
				ASSETCATALOG_COMPILER_APPICON_NAME = AppIcon;
				CODE_SIGN_ENTITLEMENTS = NYCTransit/NYCTransit.entitlements;
				CODE_SIGN_IDENTITY = "iPhone Developer";
				INFOPLIST_FILE = NYCTransit/Info.plist;
				LD_RUNPATH_SEARCH_PATHS = (
					"$(inherited)",
					"@executable_path/Frameworks",
				);
				PRODUCT_BUNDLE_IDENTIFIER = com.johnrbell.NYCTransit;
				SDKROOT = iphoneos;
				TARGETED_DEVICE_FAMILY = "1,2";
			};
			name = Release;
		};
		AAC5B0E06A1C28C1C8ABDD2D /* Release */ = {
			isa = XCBuildConfiguration;
			buildSettings = {
				ALWAYS_SEARCH_USER_PATHS = NO;
				CLANG_ANALYZER_NONNULL = YES;
				CLANG_ANALYZER_NUMBER_OBJECT_CONVERSION = YES_AGGRESSIVE;
				CLANG_CXX_LANGUAGE_STANDARD = "gnu++14";
				CLANG_CXX_LIBRARY = "libc++";
				CLANG_ENABLE_MODULES = YES;
				CLANG_ENABLE_OBJC_ARC = YES;
				CLANG_ENABLE_OBJC_WEAK = YES;
				CLANG_WARN_BLOCK_CAPTURE_AUTORELEASING = YES;
				CLANG_WARN_BOOL_CONVERSION = YES;
				CLANG_WARN_COMMA = YES;
				CLANG_WARN_CONSTANT_CONVERSION = YES;
				CLANG_WARN_DEPRECATED_OBJC_IMPLEMENTATIONS = YES;
				CLANG_WARN_DIRECT_OBJC_ISA_USAGE = YES_ERROR;
				CLANG_WARN_DOCUMENTATION_COMMENTS = YES;
				CLANG_WARN_EMPTY_BODY = YES;
				CLANG_WARN_ENUM_CONVERSION = YES;
				CLANG_WARN_INFINITE_RECURSION = YES;
				CLANG_WARN_INT_CONVERSION = YES;
				CLANG_WARN_NON_LITERAL_NULL_CONVERSION = YES;
				CLANG_WARN_OBJC_IMPLICIT_RETAIN_SELF = YES;
				CLANG_WARN_OBJC_LITERAL_CONVERSION = YES;
				CLANG_WARN_OBJC_ROOT_CLASS = YES_ERROR;
				CLANG_WARN_QUOTED_INCLUDE_IN_FRAMEWORK_HEADER = YES;
				CLANG_WARN_RANGE_LOOP_ANALYSIS = YES;
				CLANG_WARN_STRICT_PROTOTYPES = YES;
				CLANG_WARN_SUSPICIOUS_MOVE = YES;
				CLANG_WARN_UNGUARDED_AVAILABILITY = YES_AGGRESSIVE;
				CLANG_WARN_UNREACHABLE_CODE = YES;
				CLANG_WARN__DUPLICATE_METHOD_MATCH = YES;
				COPY_PHASE_STRIP = NO;
				DEBUG_INFORMATION_FORMAT = "dwarf-with-dsym";
				DEVELOPMENT_TEAM = "";
				ENABLE_NS_ASSERTIONS = NO;
				ENABLE_STRICT_OBJC_MSGSEND = YES;
				GCC_C_LANGUAGE_STANDARD = gnu11;
				GCC_NO_COMMON_BLOCKS = YES;
				GCC_WARN_64_TO_32_BIT_CONVERSION = YES;
				GCC_WARN_ABOUT_RETURN_TYPE = YES_ERROR;
				GCC_WARN_UNDECLARED_SELECTOR = YES;
				GCC_WARN_UNINITIALIZED_AUTOS = YES_AGGRESSIVE;
				GCC_WARN_UNUSED_FUNCTION = YES;
				GCC_WARN_UNUSED_VARIABLE = YES;
				IPHONEOS_DEPLOYMENT_TARGET = 17.0;
				MTL_ENABLE_DEBUG_INFO = NO;
				MTL_FAST_MATH = YES;
				PRODUCT_NAME = "$(TARGET_NAME)";
				SDKROOT = iphoneos;
				SWIFT_COMPILATION_MODE = wholemodule;
				SWIFT_OPTIMIZATION_LEVEL = "-O";
				SWIFT_VERSION = 5.9;
			};
			name = Release;
		};
		F36B3313F33DC1B18F6EE869 /* Release */ = {
			isa = XCBuildConfiguration;
			buildSettings = {
				ASSETCATALOG_COMPILER_APPICON_NAME = AppIcon;
				CODE_SIGN_ENTITLEMENTS = StatusWidget/StatusWidget.entitlements;
				INFOPLIST_FILE = StatusWidget/Info.plist;
				LD_RUNPATH_SEARCH_PATHS = (
					"$(inherited)",
					"@executable_path/Frameworks",
					"@executable_path/../../Frameworks",
				);
				PRODUCT_BUNDLE_IDENTIFIER = com.johnrbell.NYCTransit.StatusWidget;
				SDKROOT = iphoneos;
				TARGETED_DEVICE_FAMILY = "1,2";
			};
			name = Release;
		};
/* End XCBuildConfiguration section */

/* Begin XCConfigurationList section */
		6D33B204406D82F646BFA914 /* Build configuration list for PBXProject "NYCTransit" */ = {
			isa = XCConfigurationList;
			buildConfigurations = (
				3A4C00F3125B3F4B26F013DA /* Debug */,
				AAC5B0E06A1C28C1C8ABDD2D /* Release */,
			);
			defaultConfigurationIsVisible = 0;
			defaultConfigurationName = Debug;
		};
		CAE26DF4851C93A018D9056A /* Build configuration list for PBXNativeTarget "StatusWidgetExtension" */ = {
			isa = XCConfigurationList;
			buildConfigurations = (
				80F9C47ADB4E55F893448C9E /* Debug */,
				F36B3313F33DC1B18F6EE869 /* Release */,
			);
			defaultConfigurationIsVisible = 0;
			defaultConfigurationName = Debug;
		};
		D185C7FAA4D4651DD6502996 /* Build configuration list for PBXNativeTarget "NYCTransit" */ = {
			isa = XCConfigurationList;
			buildConfigurations = (
				0777057F69444C95CB8631B9 /* Debug */,
				939B352D4C7F381C90C7DAE8 /* Release */,
			);
			defaultConfigurationIsVisible = 0;
			defaultConfigurationName = Debug;
		};
/* End XCConfigurationList section */
	};
	rootObject = B973FB91F9571F5704D2B32E /* Project object */;
}
